// !$*UTF8*$!
{
	archiveVersion = 1;
	classes = {
	};
	objectVersion = 46;
	objects = {

/* Begin PBXBuildFile section */
		3900E9221E01602F007922ED /* Commit.swift in Sources */ = {isa = PBXBuildFile; fileRef = 3900E9211E01602F007922ED /* Commit.swift */; };
		397DEB211E0046CE000A28DE /* CommitController.swift in Sources */ = {isa = PBXBuildFile; fileRef = 397DEB201E0046CE000A28DE /* CommitController.swift */; };
		397DEB231E004787000A28DE /* CommitCell.swift in Sources */ = {isa = PBXBuildFile; fileRef = 397DEB221E004787000A28DE /* CommitCell.swift */; };
		39CE736F1DFD943F009020C4 /* AppDelegate.swift in Sources */ = {isa = PBXBuildFile; fileRef = 39CE736E1DFD943F009020C4 /* AppDelegate.swift */; };
		39CE73741DFD943F009020C4 /* Main.storyboard in Resources */ = {isa = PBXBuildFile; fileRef = 39CE73721DFD943F009020C4 /* Main.storyboard */; };
		39CE73761DFD943F009020C4 /* Assets.xcassets in Resources */ = {isa = PBXBuildFile; fileRef = 39CE73751DFD943F009020C4 /* Assets.xcassets */; };
		39CE73791DFD943F009020C4 /* LaunchScreen.storyboard in Resources */ = {isa = PBXBuildFile; fileRef = 39CE73771DFD943F009020C4 /* LaunchScreen.storyboard */; };
		39CE73811DFD9C9C009020C4 /* LoginController.swift in Sources */ = {isa = PBXBuildFile; fileRef = 39CE73801DFD9C9C009020C4 /* LoginController.swift */; };
		39CE73851DFD9FD1009020C4 /* GoogleService-Info.plist in Resources */ = {isa = PBXBuildFile; fileRef = 39CE73841DFD9FD1009020C4 /* GoogleService-Info.plist */; };
		39CE73881DFDA2E3009020C4 /* RepoController.swift in Sources */ = {isa = PBXBuildFile; fileRef = 39CE73871DFDA2E3009020C4 /* RepoController.swift */; };
		39CE738E1DFDA66F009020C4 /* RepoCell.swift in Sources */ = {isa = PBXBuildFile; fileRef = 39CE738D1DFDA66F009020C4 /* RepoCell.swift */; };
		39CE73921DFDA919009020C4 /* Repo.swift in Sources */ = {isa = PBXBuildFile; fileRef = 39CE73911DFDA919009020C4 /* Repo.swift */; };
		39F7ABF91DFEB88800B67AE6 /* User.swift in Sources */ = {isa = PBXBuildFile; fileRef = 39F7ABF81DFEB88800B67AE6 /* User.swift */; };
		434FD512491CD28F182DD680 /* Pods_Quintenvanderpost_pset6.framework in Frameworks */ = {isa = PBXBuildFile; fileRef = 3C877F833BB85FE2CE20B182 /* Pods_Quintenvanderpost_pset6.framework */; };
		4E46C2DE1EC7261A006711B9 /* Message.swift in Sources */ = {isa = PBXBuildFile; fileRef = 4E46C2DD1EC7261A006711B9 /* Message.swift */; };
		4E46C2E01EC727A6006711B9 /* MessageCell.swift in Sources */ = {isa = PBXBuildFile; fileRef = 4E46C2DF1EC727A6006711B9 /* MessageCell.swift */; };
		4E46C2E21EC73808006711B9 /* MCViewController.swift in Sources */ = {isa = PBXBuildFile; fileRef = 4E46C2E11EC73808006711B9 /* MCViewController.swift */; };
/* End PBXBuildFile section */

/* Begin PBXFileReference section */
		3900E9211E01602F007922ED /* Commit.swift */ = {isa = PBXFileReference; fileEncoding = 4; lastKnownFileType = sourcecode.swift; path = Commit.swift; sourceTree = "<group>"; };
		397DEB201E0046CE000A28DE /* CommitController.swift */ = {isa = PBXFileReference; fileEncoding = 4; lastKnownFileType = sourcecode.swift; path = CommitController.swift; sourceTree = "<group>"; };
		397DEB221E004787000A28DE /* CommitCell.swift */ = {isa = PBXFileReference; fileEncoding = 4; lastKnownFileType = sourcecode.swift; path = CommitCell.swift; sourceTree = "<group>"; };
		39CE736B1DFD943F009020C4 /* Quintenvanderpost-pset6.app */ = {isa = PBXFileReference; explicitFileType = wrapper.application; includeInIndex = 0; path = "Quintenvanderpost-pset6.app"; sourceTree = BUILT_PRODUCTS_DIR; };
		39CE736E1DFD943F009020C4 /* AppDelegate.swift */ = {isa = PBXFileReference; lastKnownFileType = sourcecode.swift; path = AppDelegate.swift; sourceTree = "<group>"; };
		39CE73731DFD943F009020C4 /* Base */ = {isa = PBXFileReference; lastKnownFileType = file.storyboard; name = Base; path = Base.lproj/Main.storyboard; sourceTree = "<group>"; };
		39CE73751DFD943F009020C4 /* Assets.xcassets */ = {isa = PBXFileReference; lastKnownFileType = folder.assetcatalog; path = Assets.xcassets; sourceTree = "<group>"; };
		39CE73781DFD943F009020C4 /* Base */ = {isa = PBXFileReference; lastKnownFileType = file.storyboard; name = Base; path = Base.lproj/LaunchScreen.storyboard; sourceTree = "<group>"; };
		39CE737A1DFD943F009020C4 /* Info.plist */ = {isa = PBXFileReference; lastKnownFileType = text.plist.xml; path = Info.plist; sourceTree = "<group>"; };
		39CE73801DFD9C9C009020C4 /* LoginController.swift */ = {isa = PBXFileReference; fileEncoding = 4; lastKnownFileType = sourcecode.swift; path = LoginController.swift; sourceTree = "<group>"; };
		39CE73841DFD9FD1009020C4 /* GoogleService-Info.plist */ = {isa = PBXFileReference; fileEncoding = 4; lastKnownFileType = text.plist.xml; path = "GoogleService-Info.plist"; sourceTree = "<group>"; };
		39CE73871DFDA2E3009020C4 /* RepoController.swift */ = {isa = PBXFileReference; fileEncoding = 4; lastKnownFileType = sourcecode.swift; path = RepoController.swift; sourceTree = "<group>"; };
		39CE738D1DFDA66F009020C4 /* RepoCell.swift */ = {isa = PBXFileReference; fileEncoding = 4; lastKnownFileType = sourcecode.swift; path = RepoCell.swift; sourceTree = "<group>"; };
		39CE73911DFDA919009020C4 /* Repo.swift */ = {isa = PBXFileReference; fileEncoding = 4; lastKnownFileType = sourcecode.swift; path = Repo.swift; sourceTree = "<group>"; };
		39F7ABF81DFEB88800B67AE6 /* User.swift */ = {isa = PBXFileReference; fileEncoding = 4; lastKnownFileType = sourcecode.swift; path = User.swift; sourceTree = "<group>"; };
		3C877F833BB85FE2CE20B182 /* Pods_Quintenvanderpost_pset6.framework */ = {isa = PBXFileReference; explicitFileType = wrapper.framework; includeInIndex = 0; path = Pods_Quintenvanderpost_pset6.framework; sourceTree = BUILT_PRODUCTS_DIR; };
		4E08254A1EA12496007DD1F2 /* Quintenvanderpost-pset6.entitlements */ = {isa = PBXFileReference; lastKnownFileType = text.plist.entitlements; path = "Quintenvanderpost-pset6.entitlements"; sourceTree = "<group>"; };
		4E46C2DD1EC7261A006711B9 /* Message.swift */ = {isa = PBXFileReference; fileEncoding = 4; lastKnownFileType = sourcecode.swift; path = Message.swift; sourceTree = "<group>"; };
		4E46C2DF1EC727A6006711B9 /* MessageCell.swift */ = {isa = PBXFileReference; fileEncoding = 4; lastKnownFileType = sourcecode.swift; path = MessageCell.swift; sourceTree = "<group>"; };
		4E46C2E11EC73808006711B9 /* MCViewController.swift */ = {isa = PBXFileReference; fileEncoding = 4; lastKnownFileType = sourcecode.swift; path = MCViewController.swift; sourceTree = "<group>"; };
		7158B447891F17A69E7CFED4 /* Pods-Quintenvanderpost-pset6.release.xcconfig */ = {isa = PBXFileReference; includeInIndex = 1; lastKnownFileType = text.xcconfig; name = "Pods-Quintenvanderpost-pset6.release.xcconfig"; path = "Pods/Target Support Files/Pods-Quintenvanderpost-pset6/Pods-Quintenvanderpost-pset6.release.xcconfig"; sourceTree = "<group>"; };
		B86CA3D6B57FD1278316E3E6 /* Pods-Quintenvanderpost-pset6.debug.xcconfig */ = {isa = PBXFileReference; includeInIndex = 1; lastKnownFileType = text.xcconfig; name = "Pods-Quintenvanderpost-pset6.debug.xcconfig"; path = "Pods/Target Support Files/Pods-Quintenvanderpost-pset6/Pods-Quintenvanderpost-pset6.debug.xcconfig"; sourceTree = "<group>"; };
/* End PBXFileReference section */

/* Begin PBXFrameworksBuildPhase section */
		39CE73681DFD943F009020C4 /* Frameworks */ = {
			isa = PBXFrameworksBuildPhase;
			buildActionMask = 2147483647;
			files = (
				434FD512491CD28F182DD680 /* Pods_Quintenvanderpost_pset6.framework in Frameworks */,
			);
			runOnlyForDeploymentPostprocessing = 0;
		};
/* End PBXFrameworksBuildPhase section */

/* Begin PBXGroup section */
		03A0C5EDA2F120AF8EF0C766 /* Frameworks */ = {
			isa = PBXGroup;
			children = (
				3C877F833BB85FE2CE20B182 /* Pods_Quintenvanderpost_pset6.framework */,
			);
			name = Frameworks;
			sourceTree = "<group>";
		};
		39CE73621DFD943F009020C4 = {
			isa = PBXGroup;
			children = (
				39CE736D1DFD943F009020C4 /* Quintenvanderpost-pset6 */,
				39CE736C1DFD943F009020C4 /* Products */,
				839343054F67F8FF2192B26D /* Pods */,
				03A0C5EDA2F120AF8EF0C766 /* Frameworks */,
			);
			sourceTree = "<group>";
		};
		39CE736C1DFD943F009020C4 /* Products */ = {
			isa = PBXGroup;
			children = (
				39CE736B1DFD943F009020C4 /* Quintenvanderpost-pset6.app */,
			);
			name = Products;
			sourceTree = "<group>";
		};
		39CE736D1DFD943F009020C4 /* Quintenvanderpost-pset6 */ = {
			isa = PBXGroup;
			children = (
				4E08254A1EA12496007DD1F2 /* Quintenvanderpost-pset6.entitlements */,
				39CE73901DFDA8F9009020C4 /* Cells */,
				39CE738C1DFDA313009020C4 /* Other */,
				39CE73891DFDA2EE009020C4 /* Controllers */,
				39CE738F1DFDA674009020C4 /* Models */,
				39CE738A1DFDA2F9009020C4 /* Storyboards */,
				39CE73751DFD943F009020C4 /* Assets.xcassets */,
				39CE738B1DFDA30B009020C4 /* Support */,
			);
			path = "Quintenvanderpost-pset6";
			sourceTree = "<group>";
		};
		39CE73891DFDA2EE009020C4 /* Controllers */ = {
			isa = PBXGroup;
			children = (
				39CE73801DFD9C9C009020C4 /* LoginController.swift */,
				39CE73871DFDA2E3009020C4 /* RepoController.swift */,
				397DEB201E0046CE000A28DE /* CommitController.swift */,
				4E46C2E11EC73808006711B9 /* MCViewController.swift */,
			);
			name = Controllers;
			sourceTree = "<group>";
		};
		39CE738A1DFDA2F9009020C4 /* Storyboards */ = {
			isa = PBXGroup;
			children = (
				39CE73721DFD943F009020C4 /* Main.storyboard */,
				39CE73771DFD943F009020C4 /* LaunchScreen.storyboard */,
			);
			name = Storyboards;
			sourceTree = "<group>";
		};
		39CE738B1DFDA30B009020C4 /* Support */ = {
			isa = PBXGroup;
			children = (
				39CE737A1DFD943F009020C4 /* Info.plist */,
				39CE73841DFD9FD1009020C4 /* GoogleService-Info.plist */,
			);
			name = Support;
			sourceTree = "<group>";
		};
		39CE738C1DFDA313009020C4 /* Other */ = {
			isa = PBXGroup;
			children = (
				39CE736E1DFD943F009020C4 /* AppDelegate.swift */,
			);
			name = Other;
			sourceTree = "<group>";
		};
		39CE738F1DFDA674009020C4 /* Models */ = {
			isa = PBXGroup;
			children = (
				39CE73911DFDA919009020C4 /* Repo.swift */,
				39F7ABF81DFEB88800B67AE6 /* User.swift */,
				3900E9211E01602F007922ED /* Commit.swift */,
				4E46C2DD1EC7261A006711B9 /* Message.swift */,
			);
			name = Models;
			sourceTree = "<group>";
		};
		39CE73901DFDA8F9009020C4 /* Cells */ = {
			isa = PBXGroup;
			children = (
				39CE738D1DFDA66F009020C4 /* RepoCell.swift */,
				397DEB221E004787000A28DE /* CommitCell.swift */,
				4E46C2DF1EC727A6006711B9 /* MessageCell.swift */,
			);
			name = Cells;
			sourceTree = "<group>";
		};
		839343054F67F8FF2192B26D /* Pods */ = {
			isa = PBXGroup;
			children = (
				B86CA3D6B57FD1278316E3E6 /* Pods-Quintenvanderpost-pset6.debug.xcconfig */,
				7158B447891F17A69E7CFED4 /* Pods-Quintenvanderpost-pset6.release.xcconfig */,
			);
			name = Pods;
			sourceTree = "<group>";
		};
/* End PBXGroup section */

/* Begin PBXNativeTarget section */
		39CE736A1DFD943F009020C4 /* Quintenvanderpost-pset6 */ = {
			isa = PBXNativeTarget;
			buildConfigurationList = 39CE737D1DFD943F009020C4 /* Build configuration list for PBXNativeTarget "Quintenvanderpost-pset6" */;
			buildPhases = (
				6BF55129FEB6795351732B8A /* [CP] Check Pods Manifest.lock */,
				39CE73671DFD943F009020C4 /* Sources */,
				39CE73681DFD943F009020C4 /* Frameworks */,
				39CE73691DFD943F009020C4 /* Resources */,
				3F9079A3FA9AF23226F33D95 /* [CP] Embed Pods Frameworks */,
				DDAF582F274D5A80F731FE25 /* [CP] Copy Pods Resources */,
			);
			buildRules = (
			);
			dependencies = (
			);
			name = "Quintenvanderpost-pset6";
			productName = "Quintenvanderpost-pset6";
			productReference = 39CE736B1DFD943F009020C4 /* Quintenvanderpost-pset6.app */;
			productType = "com.apple.product-type.application";
		};
/* End PBXNativeTarget section */

/* Begin PBXProject section */
		39CE73631DFD943F009020C4 /* Project object */ = {
			isa = PBXProject;
			attributes = {
				LastSwiftUpdateCheck = 0810;
				LastUpgradeCheck = 0830;
				ORGANIZATIONNAME = "Quinten van der Post";
				TargetAttributes = {
					39CE736A1DFD943F009020C4 = {
						CreatedOnToolsVersion = 8.1;
						DevelopmentTeam = 9UM8KQFS44;
						ProvisioningStyle = Automatic;
						SystemCapabilities = {
							com.apple.Keychain = {
								enabled = 1;
							};
						};
					};
				};
			};
			buildConfigurationList = 39CE73661DFD943F009020C4 /* Build configuration list for PBXProject "Quintenvanderpost-pset6" */;
			compatibilityVersion = "Xcode 3.2";
			developmentRegion = English;
			hasScannedForEncodings = 0;
			knownRegions = (
				en,
				Base,
			);
			mainGroup = 39CE73621DFD943F009020C4;
			productRefGroup = 39CE736C1DFD943F009020C4 /* Products */;
			projectDirPath = "";
			projectRoot = "";
			targets = (
				39CE736A1DFD943F009020C4 /* Quintenvanderpost-pset6 */,
			);
		};
/* End PBXProject section */

/* Begin PBXResourcesBuildPhase section */
		39CE73691DFD943F009020C4 /* Resources */ = {
			isa = PBXResourcesBuildPhase;
			buildActionMask = 2147483647;
			files = (
				39CE73791DFD943F009020C4 /* LaunchScreen.storyboard in Resources */,
				39CE73851DFD9FD1009020C4 /* GoogleService-Info.plist in Resources */,
				39CE73761DFD943F009020C4 /* Assets.xcassets in Resources */,
				39CE73741DFD943F009020C4 /* Main.storyboard in Resources */,
			);
			runOnlyForDeploymentPostprocessing = 0;
		};
/* End PBXResourcesBuildPhase section */

/* Begin PBXShellScriptBuildPhase section */
		3F9079A3FA9AF23226F33D95 /* [CP] Embed Pods Frameworks */ = {
			isa = PBXShellScriptBuildPhase;
			buildActionMask = 2147483647;
			files = (
			);
			inputPaths = (
			);
			name = "[CP] Embed Pods Frameworks";
			outputPaths = (
			);
			runOnlyForDeploymentPostprocessing = 0;
			shellPath = /bin/sh;
			shellScript = "\"${SRCROOT}/Pods/Target Support Files/Pods-Quintenvanderpost-pset6/Pods-Quintenvanderpost-pset6-frameworks.sh\"\n";
			showEnvVarsInLog = 0;
		};
		6BF55129FEB6795351732B8A /* [CP] Check Pods Manifest.lock */ = {
			isa = PBXShellScriptBuildPhase;
			buildActionMask = 2147483647;
			files = (
			);
			inputPaths = (
			);
			name = "[CP] Check Pods Manifest.lock";
			outputPaths = (
			);
			runOnlyForDeploymentPostprocessing = 0;
			shellPath = /bin/sh;
			shellScript = "diff \"${PODS_ROOT}/../Podfile.lock\" \"${PODS_ROOT}/Manifest.lock\" > /dev/null\nif [ $? != 0 ] ; then\n    # print error to STDERR\n    echo \"error: The sandbox is not in sync with the Podfile.lock. Run 'pod install' or update your CocoaPods installation.\" >&2\n    exit 1\nfi\n";
			showEnvVarsInLog = 0;
		};
		DDAF582F274D5A80F731FE25 /* [CP] Copy Pods Resources */ = {
			isa = PBXShellScriptBuildPhase;
			buildActionMask = 2147483647;
			files = (
			);
			inputPaths = (
			);
			name = "[CP] Copy Pods Resources";
			outputPaths = (
			);
			runOnlyForDeploymentPostprocessing = 0;
			shellPath = /bin/sh;
			shellScript = "\"${SRCROOT}/Pods/Target Support Files/Pods-Quintenvanderpost-pset6/Pods-Quintenvanderpost-pset6-resources.sh\"\n";
			showEnvVarsInLog = 0;
		};
/* End PBXShellScriptBuildPhase section */

/* Begin PBXSourcesBuildPhase section */
		39CE73671DFD943F009020C4 /* Sources */ = {
			isa = PBXSourcesBuildPhase;
			buildActionMask = 2147483647;
			files = (
				4E46C2E21EC73808006711B9 /* MCViewController.swift in Sources */,
				4E46C2E01EC727A6006711B9 /* MessageCell.swift in Sources */,
				3900E9221E01602F007922ED /* Commit.swift in Sources */,
				39CE736F1DFD943F009020C4 /* AppDelegate.swift in Sources */,
				39CE73881DFDA2E3009020C4 /* RepoController.swift in Sources */,
				39F7ABF91DFEB88800B67AE6 /* User.swift in Sources */,
				397DEB211E0046CE000A28DE /* CommitController.swift in Sources */,
				397DEB231E004787000A28DE /* CommitCell.swift in Sources */,
				39CE73921DFDA919009020C4 /* Repo.swift in Sources */,
				4E46C2DE1EC7261A006711B9 /* Message.swift in Sources */,
				39CE73811DFD9C9C009020C4 /* LoginController.swift in Sources */,
				39CE738E1DFDA66F009020C4 /* RepoCell.swift in Sources */,
			);
			runOnlyForDeploymentPostprocessing = 0;
		};
/* End PBXSourcesBuildPhase section */

/* Begin PBXVariantGroup section */
		39CE73721DFD943F009020C4 /* Main.storyboard */ = {
			isa = PBXVariantGroup;
			children = (
				39CE73731DFD943F009020C4 /* Base */,
			);
			name = Main.storyboard;
			sourceTree = "<group>";
		};
		39CE73771DFD943F009020C4 /* LaunchScreen.storyboard */ = {
			isa = PBXVariantGroup;
			children = (
				39CE73781DFD943F009020C4 /* Base */,
			);
			name = LaunchScreen.storyboard;
			sourceTree = "<group>";
		};
/* End PBXVariantGroup section */

/* Begin XCBuildConfiguration section */
		39CE737B1DFD943F009020C4 /* Debug */ = {
			isa = XCBuildConfiguration;
			buildSettings = {
				ALWAYS_SEARCH_USER_PATHS = NO;
				CLANG_ANALYZER_NONNULL = YES;
				CLANG_CXX_LANGUAGE_STANDARD = "gnu++0x";
				CLANG_CXX_LIBRARY = "libc++";
				CLANG_ENABLE_MODULES = YES;
				CLANG_ENABLE_OBJC_ARC = YES;
				CLANG_WARN_BOOL_CONVERSION = YES;
				CLANG_WARN_CONSTANT_CONVERSION = YES;
				CLANG_WARN_DIRECT_OBJC_ISA_USAGE = YES_ERROR;
				CLANG_WARN_DOCUMENTATION_COMMENTS = YES;
				CLANG_WARN_EMPTY_BODY = YES;
				CLANG_WARN_ENUM_CONVERSION = YES;
				CLANG_WARN_INFINITE_RECURSION = YES;
				CLANG_WARN_INT_CONVERSION = YES;
				CLANG_WARN_OBJC_ROOT_CLASS = YES_ERROR;
				CLANG_WARN_SUSPICIOUS_MOVE = YES;
				CLANG_WARN_SUSPICIOUS_MOVES = YES;
				CLANG_WARN_UNREACHABLE_CODE = YES;
				CLANG_WARN__DUPLICATE_METHOD_MATCH = YES;
				"CODE_SIGN_IDENTITY[sdk=iphoneos*]" = "iPhone Developer";
				COPY_PHASE_STRIP = NO;
				DEBUG_INFORMATION_FORMAT = dwarf;
				ENABLE_STRICT_OBJC_MSGSEND = YES;
				ENABLE_TESTABILITY = YES;
				GCC_C_LANGUAGE_STANDARD = gnu99;
				GCC_DYNAMIC_NO_PIC = NO;
				GCC_NO_COMMON_BLOCKS = YES;
				GCC_OPTIMIZATION_LEVEL = 0;
				GCC_PREPROCESSOR_DEFINITIONS = (
					"DEBUG=1",
					"$(inherited)",
				);
				GCC_WARN_64_TO_32_BIT_CONVERSION = YES;
				GCC_WARN_ABOUT_RETURN_TYPE = YES_ERROR;
				GCC_WARN_UNDECLARED_SELECTOR = YES;
				GCC_WARN_UNINITIALIZED_AUTOS = YES_AGGRESSIVE;
				GCC_WARN_UNUSED_FUNCTION = YES;
				GCC_WARN_UNUSED_VARIABLE = YES;
				IPHONEOS_DEPLOYMENT_TARGET = 10.1;
				MTL_ENABLE_DEBUG_INFO = YES;
				ONLY_ACTIVE_ARCH = YES;
				SDKROOT = iphoneos;
				SWIFT_ACTIVE_COMPILATION_CONDITIONS = DEBUG;
				SWIFT_OPTIMIZATION_LEVEL = "-Onone";
			};
			name = Debug;
		};
		39CE737C1DFD943F009020C4 /* Release */ = {
			isa = XCBuildConfiguration;
			buildSettings = {
				ALWAYS_SEARCH_USER_PATHS = NO;
				CLANG_ANALYZER_NONNULL = YES;
				CLANG_CXX_LANGUAGE_STANDARD = "gnu++0x";
				CLANG_CXX_LIBRARY = "libc++";
				CLANG_ENABLE_MODULES = YES;
				CLANG_ENABLE_OBJC_ARC = YES;
				CLANG_WARN_BOOL_CONVERSION = YES;
				CLANG_WARN_CONSTANT_CONVERSION = YES;
				CLANG_WARN_DIRECT_OBJC_ISA_USAGE = YES_ERROR;
				CLANG_WARN_DOCUMENTATION_COMMENTS = YES;
				CLANG_WARN_EMPTY_BODY = YES;
				CLANG_WARN_ENUM_CONVERSION = YES;
				CLANG_WARN_INFINITE_RECURSION = YES;
				CLANG_WARN_INT_CONVERSION = YES;
				CLANG_WARN_OBJC_ROOT_CLASS = YES_ERROR;
				CLANG_WARN_SUSPICIOUS_MOVE = YES;
				CLANG_WARN_SUSPICIOUS_MOVES = YES;
				CLANG_WARN_UNREACHABLE_CODE = YES;
				CLANG_WARN__DUPLICATE_METHOD_MATCH = YES;
				"CODE_SIGN_IDENTITY[sdk=iphoneos*]" = "iPhone Developer";
				COPY_PHASE_STRIP = NO;
				DEBUG_INFORMATION_FORMAT = "dwarf-with-dsym";
				ENABLE_NS_ASSERTIONS = NO;
				ENABLE_STRICT_OBJC_MSGSEND = YES;
				GCC_C_LANGUAGE_STANDARD = gnu99;
				GCC_NO_COMMON_BLOCKS = YES;
				GCC_WARN_64_TO_32_BIT_CONVERSION = YES;
				GCC_WARN_ABOUT_RETURN_TYPE = YES_ERROR;
				GCC_WARN_UNDECLARED_SELECTOR = YES;
				GCC_WARN_UNINITIALIZED_AUTOS = YES_AGGRESSIVE;
				GCC_WARN_UNUSED_FUNCTION = YES;
				GCC_WARN_UNUSED_VARIABLE = YES;
				IPHONEOS_DEPLOYMENT_TARGET = 10.1;
				MTL_ENABLE_DEBUG_INFO = NO;
				SDKROOT = iphoneos;
				SWIFT_OPTIMIZATION_LEVEL = "-Owholemodule";
				VALIDATE_PRODUCT = YES;
			};
			name = Release;
		};
		39CE737E1DFD943F009020C4 /* Debug */ = {
			isa = XCBuildConfiguration;
			baseConfigurationReference = B86CA3D6B57FD1278316E3E6 /* Pods-Quintenvanderpost-pset6.debug.xcconfig */;
			buildSettings = {
				ASSETCATALOG_COMPILER_APPICON_NAME = AppIcon;
				CODE_SIGN_ENTITLEMENTS = "Quintenvanderpost-pset6/Quintenvanderpost-pset6.entitlements";
				DEVELOPMENT_TEAM = 9UM8KQFS44;
				INFOPLIST_FILE = "Quintenvanderpost-pset6/Info.plist";
				LD_RUNPATH_SEARCH_PATHS = "$(inherited) @executable_path/Frameworks";
				PRODUCT_BUNDLE_IDENTIFIER = "nl.mprog.Quintenvanderpost-pset6";
				PRODUCT_NAME = "$(TARGET_NAME)";
				SWIFT_VERSION = 3.0;
			};
			name = Debug;
		};
		39CE737F1DFD943F009020C4 /* Release */ = {
			isa = XCBuildConfiguration;
			baseConfigurationReference = 7158B447891F17A69E7CFED4 /* Pods-Quintenvanderpost-pset6.release.xcconfig */;
			buildSettings = {
				ASSETCATALOG_COMPILER_APPICON_NAME = AppIcon;
				CODE_SIGN_ENTITLEMENTS = "Quintenvanderpost-pset6/Quintenvanderpost-pset6.entitlements";
				DEVELOPMENT_TEAM = 9UM8KQFS44;
				INFOPLIST_FILE = "Quintenvanderpost-pset6/Info.plist";
				LD_RUNPATH_SEARCH_PATHS = "$(inherited) @executable_path/Frameworks";
				PRODUCT_BUNDLE_IDENTIFIER = "nl.mprog.Quintenvanderpost-pset6";
				PRODUCT_NAME = "$(TARGET_NAME)";
				SWIFT_VERSION = 3.0;
			};
			name = Release;
		};
/* End XCBuildConfiguration section */

/* Begin XCConfigurationList section */
		39CE73661DFD943F009020C4 /* Build configuration list for PBXProject "Quintenvanderpost-pset6" */ = {
			isa = XCConfigurationList;
			buildConfigurations = (
				39CE737B1DFD943F009020C4 /* Debug */,
				39CE737C1DFD943F009020C4 /* Release */,
			);
			defaultConfigurationIsVisible = 0;
			defaultConfigurationName = Release;
		};
		39CE737D1DFD943F009020C4 /* Build configuration list for PBXNativeTarget "Quintenvanderpost-pset6" */ = {
			isa = XCConfigurationList;
			buildConfigurations = (
				39CE737E1DFD943F009020C4 /* Debug */,
				39CE737F1DFD943F009020C4 /* Release */,
			);
			defaultConfigurationIsVisible = 0;
			defaultConfigurationName = Release;
		};
/* End XCConfigurationList section */
	};
	rootObject = 39CE73631DFD943F009020C4 /* Project object */;
}
